
Microsoft Visual Studio Solution File, Format Version 12.00
# Visual Studio Version 17
VisualStudioVersion = 17.11.35312.102
MinimumVisualStudioVersion = 10.0.40219.1
Project("{FAE04EC0-301F-11D3-BF4B-00C04F79EFBC}") = "BerylliumMath", "BerylliumMath.csproj", "{274FAD27-F1F9-4BAC-8EEF-C56002134F45}"
EndProject
Global
	GlobalSection(SolutionConfigurationPlatforms) = preSolution
		Debug|Any CPU = Debug|Any CPU
		Release|Any CPU = Release|Any CPU
	EndGlobalSection
	GlobalSection(ProjectConfigurationPlatforms) = postSolution
		{274FAD27-F1F9-4BAC-8EEF-C56002134F45}.Debug|Any CPU.ActiveCfg = Debug|Any CPU
		{274FAD27-F1F9-4BAC-8EEF-C56002134F45}.Debug|Any CPU.Build.0 = Debug|Any CPU
		{274FAD27-F1F9-4BAC-8EEF-C56002134F45}.Release|Any CPU.ActiveCfg = Release|Any CPU
		{274FAD27-F1F9-4BAC-8EEF-C56002134F45}.Release|Any CPU.Build.0 = Release|Any CPU
	EndGlobalSection
	GlobalSection(SolutionProperties) = preSolution
		HideSolutionNode = FALSE
	EndGlobalSection
	GlobalSection(ExtensibilityGlobals) = postSolution
		SolutionGuid = {50905960-1733-4218-B340-04B14E7C8BE3}
	EndGlobalSection
EndGlobal
